<Solution>
  <Folder Name="/Solution Items/">
    <File Path="Directory.Build.props" />
  </Folder>
  <Project Path="Dataviewer/Dataviewer.vbproj" />
  <Project Path="FileOpen/FileOpen.csproj" />
  <Project Path="GraphViewer/GraphViewer.vbproj" />
  <Project Path="QuickBrowser/QuickBrowser.csproj" />
</Solution>
